
Microsoft Visual Studio Solution File, Format Version 12.00
Project("{FAE04EC0-301F-11D3-BF4B-00C04F79EFBC}") = "Samples.JwtAuth.Api", "Samples.JwtAuth.Api\Samples.JwtAuth.Api.csproj", "{0A406554-0A7C-4C0C-AD8E-FE53E5C15217}"
EndProject
Global
	GlobalSection(SolutionConfigurationPlatforms) = preSolution
		Debug|Any CPU = Debug|Any CPU
		Release|Any CPU = Release|Any CPU
	EndGlobalSection
	GlobalSection(ProjectConfigurationPlatforms) = postSolution
		{0A406554-0A7C-4C0C-AD8E-FE53E5C15217}.Debug|Any CPU.ActiveCfg = Debug|Any CPU
		{0A406554-0A7C-4C0C-AD8E-FE53E5C15217}.Debug|Any CPU.Build.0 = Debug|Any CPU
		{0A406554-0A7C-4C0C-AD8E-FE53E5C15217}.Release|Any CPU.ActiveCfg = Release|Any CPU
		{0A406554-0A7C-4C0C-AD8E-FE53E5C15217}.Release|Any CPU.Build.0 = Release|Any CPU
	EndGlobalSection
EndGlobal
